// !$*UTF8*$!
{
	archiveVersion = 1;
	classes = {
	};
	objectVersion = 55;
	objects = {

/* Begin PBXBuildFile section */
		228594CA3C6BB53041567728 /* Pods_Instagram_InstagramUITests.framework in Frameworks */ = {isa = PBXBuildFile; fileRef = 93CEEC023492CA5370CB5AC3 /* Pods_Instagram_InstagramUITests.framework */; };
		4E1D33F9286A765D002E80B6 /* keys.plist in Resources */ = {isa = PBXBuildFile; fileRef = 4E1D33F8286A765D002E80B6 /* keys.plist */; };
		4E3889EC286A8B19004A5B51 /* Post.m in Sources */ = {isa = PBXBuildFile; fileRef = 4E3889EB286A8B19004A5B51 /* Post.m */; };
		4ECD0322286A634F0094D1BD /* LoginViewController.m in Sources */ = {isa = PBXBuildFile; fileRef = 4ECD0321286A634F0094D1BD /* LoginViewController.m */; };
		4ECD0325286A64B10094D1BD /* FeedViewController.m in Sources */ = {isa = PBXBuildFile; fileRef = 4ECD0324286A64B10094D1BD /* FeedViewController.m */; };
		4ECD032B286A6AA30094D1BD /* ComposeViewController.m in Sources */ = {isa = PBXBuildFile; fileRef = 4ECD032A286A6AA30094D1BD /* ComposeViewController.m */; };
		4ECD032E286A6CDA0094D1BD /* PostCell.m in Sources */ = {isa = PBXBuildFile; fileRef = 4ECD032D286A6CDA0094D1BD /* PostCell.m */; };
		4ECE380A286A510E00C832AA /* AppDelegate.m in Sources */ = {isa = PBXBuildFile; fileRef = 4ECE3809286A510E00C832AA /* AppDelegate.m */; };
		4ECE380D286A510E00C832AA /* SceneDelegate.m in Sources */ = {isa = PBXBuildFile; fileRef = 4ECE380C286A510E00C832AA /* SceneDelegate.m */; };
		4ECE3810286A510E00C832AA /* ViewController.m in Sources */ = {isa = PBXBuildFile; fileRef = 4ECE380F286A510E00C832AA /* ViewController.m */; };
		4ECE3813286A510E00C832AA /* Main.storyboard in Resources */ = {isa = PBXBuildFile; fileRef = 4ECE3811286A510E00C832AA /* Main.storyboard */; };
		4ECE3815286A510F00C832AA /* Assets.xcassets in Resources */ = {isa = PBXBuildFile; fileRef = 4ECE3814286A510F00C832AA /* Assets.xcassets */; };
		4ECE3818286A510F00C832AA /* LaunchScreen.storyboard in Resources */ = {isa = PBXBuildFile; fileRef = 4ECE3816286A510F00C832AA /* LaunchScreen.storyboard */; };
		4ECE381B286A510F00C832AA /* main.m in Sources */ = {isa = PBXBuildFile; fileRef = 4ECE381A286A510F00C832AA /* main.m */; };
		4ECE3825286A510F00C832AA /* InstagramTests.m in Sources */ = {isa = PBXBuildFile; fileRef = 4ECE3824286A510F00C832AA /* InstagramTests.m */; };
		4ECE382F286A510F00C832AA /* InstagramUITests.m in Sources */ = {isa = PBXBuildFile; fileRef = 4ECE382E286A510F00C832AA /* InstagramUITests.m */; };
		4ECE3831286A510F00C832AA /* InstagramUITestsLaunchTests.m in Sources */ = {isa = PBXBuildFile; fileRef = 4ECE3830286A510F00C832AA /* InstagramUITestsLaunchTests.m */; };
		544E51D7C6CB0426066B67D6 /* Pods_InstagramTests.framework in Frameworks */ = {isa = PBXBuildFile; fileRef = C64C51701ADFF6BED4C6DAC8 /* Pods_InstagramTests.framework */; };
		6C5B529585AED569FC145FD2 /* Pods_Instagram.framework in Frameworks */ = {isa = PBXBuildFile; fileRef = 5AB34F045BE3C9E707D164BE /* Pods_Instagram.framework */; };
/* End PBXBuildFile section */

/* Begin PBXContainerItemProxy section */
		4ECE3821286A510F00C832AA /* PBXContainerItemProxy */ = {
			isa = PBXContainerItemProxy;
			containerPortal = 4ECE37FD286A510E00C832AA /* Project object */;
			proxyType = 1;
			remoteGlobalIDString = 4ECE3804286A510E00C832AA;
			remoteInfo = Instagram;
		};
		4ECE382B286A510F00C832AA /* PBXContainerItemProxy */ = {
			isa = PBXContainerItemProxy;
			containerPortal = 4ECE37FD286A510E00C832AA /* Project object */;
			proxyType = 1;
			remoteGlobalIDString = 4ECE3804286A510E00C832AA;
			remoteInfo = Instagram;
		};
/* End PBXContainerItemProxy section */

/* Begin PBXFileReference section */
		089B88C2D7CA79E4F4DE8A93 /* Pods-Instagram.debug.xcconfig */ = {isa = PBXFileReference; includeInIndex = 1; lastKnownFileType = text.xcconfig; name = "Pods-Instagram.debug.xcconfig"; path = "Target Support Files/Pods-Instagram/Pods-Instagram.debug.xcconfig"; sourceTree = "<group>"; };
		47EABACF26A47183A84ACA94 /* Pods-InstagramTests.debug.xcconfig */ = {isa = PBXFileReference; includeInIndex = 1; lastKnownFileType = text.xcconfig; name = "Pods-InstagramTests.debug.xcconfig"; path = "Target Support Files/Pods-InstagramTests/Pods-InstagramTests.debug.xcconfig"; sourceTree = "<group>"; };
		4E1D33F8286A765D002E80B6 /* keys.plist */ = {isa = PBXFileReference; lastKnownFileType = text.plist.xml; path = keys.plist; sourceTree = "<group>"; };
		4E3889EA286A8B19004A5B51 /* Post.h */ = {isa = PBXFileReference; lastKnownFileType = sourcecode.c.h; name = Post.h; path = Instagram/Post.h; sourceTree = SOURCE_ROOT; };
		4E3889EB286A8B19004A5B51 /* Post.m */ = {isa = PBXFileReference; lastKnownFileType = sourcecode.c.objc; name = Post.m; path = Instagram/Post.m; sourceTree = SOURCE_ROOT; };
		4ECD0320286A634F0094D1BD /* LoginViewController.h */ = {isa = PBXFileReference; lastKnownFileType = sourcecode.c.h; path = LoginViewController.h; sourceTree = "<group>"; };
		4ECD0321286A634F0094D1BD /* LoginViewController.m */ = {isa = PBXFileReference; lastKnownFileType = sourcecode.c.objc; path = LoginViewController.m; sourceTree = "<group>"; };
		4ECD0323286A64B10094D1BD /* FeedViewController.h */ = {isa = PBXFileReference; lastKnownFileType = sourcecode.c.h; path = FeedViewController.h; sourceTree = "<group>"; };
		4ECD0324286A64B10094D1BD /* FeedViewController.m */ = {isa = PBXFileReference; lastKnownFileType = sourcecode.c.objc; path = FeedViewController.m; sourceTree = "<group>"; };
		4ECD0329286A6AA30094D1BD /* ComposeViewController.h */ = {isa = PBXFileReference; lastKnownFileType = sourcecode.c.h; path = ComposeViewController.h; sourceTree = "<group>"; };
		4ECD032A286A6AA30094D1BD /* ComposeViewController.m */ = {isa = PBXFileReference; lastKnownFileType = sourcecode.c.objc; path = ComposeViewController.m; sourceTree = "<group>"; };
		4ECD032C286A6CDA0094D1BD /* PostCell.h */ = {isa = PBXFileReference; lastKnownFileType = sourcecode.c.h; path = PostCell.h; sourceTree = "<group>"; };
		4ECD032D286A6CDA0094D1BD /* PostCell.m */ = {isa = PBXFileReference; lastKnownFileType = sourcecode.c.objc; path = PostCell.m; sourceTree = "<group>"; };
		4ECE3805286A510E00C832AA /* Instagram.app */ = {isa = PBXFileReference; explicitFileType = wrapper.application; includeInIndex = 0; path = Instagram.app; sourceTree = BUILT_PRODUCTS_DIR; };
		4ECE3808286A510E00C832AA /* AppDelegate.h */ = {isa = PBXFileReference; lastKnownFileType = sourcecode.c.h; path = AppDelegate.h; sourceTree = "<group>"; };
		4ECE3809286A510E00C832AA /* AppDelegate.m */ = {isa = PBXFileReference; lastKnownFileType = sourcecode.c.objc; path = AppDelegate.m; sourceTree = "<group>"; };
		4ECE380B286A510E00C832AA /* SceneDelegate.h */ = {isa = PBXFileReference; lastKnownFileType = sourcecode.c.h; path = SceneDelegate.h; sourceTree = "<group>"; };
		4ECE380C286A510E00C832AA /* SceneDelegate.m */ = {isa = PBXFileReference; lastKnownFileType = sourcecode.c.objc; path = SceneDelegate.m; sourceTree = "<group>"; };
		4ECE380E286A510E00C832AA /* ViewController.h */ = {isa = PBXFileReference; lastKnownFileType = sourcecode.c.h; path = ViewController.h; sourceTree = "<group>"; };
		4ECE380F286A510E00C832AA /* ViewController.m */ = {isa = PBXFileReference; lastKnownFileType = sourcecode.c.objc; path = ViewController.m; sourceTree = "<group>"; };
		4ECE3812286A510E00C832AA /* Base */ = {isa = PBXFileReference; lastKnownFileType = file.storyboard; name = Base; path = Base.lproj/Main.storyboard; sourceTree = "<group>"; };
		4ECE3814286A510F00C832AA /* Assets.xcassets */ = {isa = PBXFileReference; lastKnownFileType = folder.assetcatalog; path = Assets.xcassets; sourceTree = "<group>"; };
		4ECE3817286A510F00C832AA /* Base */ = {isa = PBXFileReference; lastKnownFileType = file.storyboard; name = Base; path = Base.lproj/LaunchScreen.storyboard; sourceTree = "<group>"; };
		4ECE3819286A510F00C832AA /* Info.plist */ = {isa = PBXFileReference; lastKnownFileType = text.plist.xml; path = Info.plist; sourceTree = "<group>"; };
		4ECE381A286A510F00C832AA /* main.m */ = {isa = PBXFileReference; lastKnownFileType = sourcecode.c.objc; path = main.m; sourceTree = "<group>"; };
		4ECE3820286A510F00C832AA /* InstagramTests.xctest */ = {isa = PBXFileReference; explicitFileType = wrapper.cfbundle; includeInIndex = 0; path = InstagramTests.xctest; sourceTree = BUILT_PRODUCTS_DIR; };
		4ECE3824286A510F00C832AA /* InstagramTests.m */ = {isa = PBXFileReference; lastKnownFileType = sourcecode.c.objc; path = InstagramTests.m; sourceTree = "<group>"; };
		4ECE382A286A510F00C832AA /* InstagramUITests.xctest */ = {isa = PBXFileReference; explicitFileType = wrapper.cfbundle; includeInIndex = 0; path = InstagramUITests.xctest; sourceTree = BUILT_PRODUCTS_DIR; };
		4ECE382E286A510F00C832AA /* InstagramUITests.m */ = {isa = PBXFileReference; lastKnownFileType = sourcecode.c.objc; path = InstagramUITests.m; sourceTree = "<group>"; };
		4ECE3830286A510F00C832AA /* InstagramUITestsLaunchTests.m */ = {isa = PBXFileReference; lastKnownFileType = sourcecode.c.objc; path = InstagramUITestsLaunchTests.m; sourceTree = "<group>"; };
		5AB34F045BE3C9E707D164BE /* Pods_Instagram.framework */ = {isa = PBXFileReference; explicitFileType = wrapper.framework; includeInIndex = 0; path = Pods_Instagram.framework; sourceTree = BUILT_PRODUCTS_DIR; };
		62CA45FAFFBAF26F5FC95E82 /* Pods-Instagram.release.xcconfig */ = {isa = PBXFileReference; includeInIndex = 1; lastKnownFileType = text.xcconfig; name = "Pods-Instagram.release.xcconfig"; path = "Target Support Files/Pods-Instagram/Pods-Instagram.release.xcconfig"; sourceTree = "<group>"; };
		8B96D5FDB610DEF1623F63BF /* Pods-Instagram-InstagramUITests.release.xcconfig */ = {isa = PBXFileReference; includeInIndex = 1; lastKnownFileType = text.xcconfig; name = "Pods-Instagram-InstagramUITests.release.xcconfig"; path = "Target Support Files/Pods-Instagram-InstagramUITests/Pods-Instagram-InstagramUITests.release.xcconfig"; sourceTree = "<group>"; };
		93CEEC023492CA5370CB5AC3 /* Pods_Instagram_InstagramUITests.framework */ = {isa = PBXFileReference; explicitFileType = wrapper.framework; includeInIndex = 0; path = Pods_Instagram_InstagramUITests.framework; sourceTree = BUILT_PRODUCTS_DIR; };
		C64C51701ADFF6BED4C6DAC8 /* Pods_InstagramTests.framework */ = {isa = PBXFileReference; explicitFileType = wrapper.framework; includeInIndex = 0; path = Pods_InstagramTests.framework; sourceTree = BUILT_PRODUCTS_DIR; };
		C8072E163E82C5CC2D79DE89 /* Pods-InstagramTests.release.xcconfig */ = {isa = PBXFileReference; includeInIndex = 1; lastKnownFileType = text.xcconfig; name = "Pods-InstagramTests.release.xcconfig"; path = "Target Support Files/Pods-InstagramTests/Pods-InstagramTests.release.xcconfig"; sourceTree = "<group>"; };
		EB2E4D6330063295FDD2539E /* Pods-Instagram-InstagramUITests.debug.xcconfig */ = {isa = PBXFileReference; includeInIndex = 1; lastKnownFileType = text.xcconfig; name = "Pods-Instagram-InstagramUITests.debug.xcconfig"; path = "Target Support Files/Pods-Instagram-InstagramUITests/Pods-Instagram-InstagramUITests.debug.xcconfig"; sourceTree = "<group>"; };
/* End PBXFileReference section */

/* Begin PBXFrameworksBuildPhase section */
		4ECE3802286A510E00C832AA /* Frameworks */ = {
			isa = PBXFrameworksBuildPhase;
			buildActionMask = 2147483647;
			files = (
				6C5B529585AED569FC145FD2 /* Pods_Instagram.framework in Frameworks */,
			);
			runOnlyForDeploymentPostprocessing = 0;
		};
		4ECE381D286A510F00C832AA /* Frameworks */ = {
			isa = PBXFrameworksBuildPhase;
			buildActionMask = 2147483647;
			files = (
				544E51D7C6CB0426066B67D6 /* Pods_InstagramTests.framework in Frameworks */,
			);
			runOnlyForDeploymentPostprocessing = 0;
		};
		4ECE3827286A510F00C832AA /* Frameworks */ = {
			isa = PBXFrameworksBuildPhase;
			buildActionMask = 2147483647;
			files = (
				228594CA3C6BB53041567728 /* Pods_Instagram_InstagramUITests.framework in Frameworks */,
			);
			runOnlyForDeploymentPostprocessing = 0;
		};
/* End PBXFrameworksBuildPhase section */

/* Begin PBXGroup section */
		0901AC827431307B8AFBAF8E /* Pods */ = {
			isa = PBXGroup;
			children = (
				089B88C2D7CA79E4F4DE8A93 /* Pods-Instagram.debug.xcconfig */,
				62CA45FAFFBAF26F5FC95E82 /* Pods-Instagram.release.xcconfig */,
				EB2E4D6330063295FDD2539E /* Pods-Instagram-InstagramUITests.debug.xcconfig */,
				8B96D5FDB610DEF1623F63BF /* Pods-Instagram-InstagramUITests.release.xcconfig */,
				47EABACF26A47183A84ACA94 /* Pods-InstagramTests.debug.xcconfig */,
				C8072E163E82C5CC2D79DE89 /* Pods-InstagramTests.release.xcconfig */,
			);
			path = Pods;
			sourceTree = "<group>";
		};
		4E2B991E286A58FD00123463 /* ViewControllers */ = {
			isa = PBXGroup;
			children = (
				4ECD0320286A634F0094D1BD /* LoginViewController.h */,
				4ECD0321286A634F0094D1BD /* LoginViewController.m */,
				4ECD0323286A64B10094D1BD /* FeedViewController.h */,
				4ECD0324286A64B10094D1BD /* FeedViewController.m */,
				4ECD0329286A6AA30094D1BD /* ComposeViewController.h */,
				4ECD032A286A6AA30094D1BD /* ComposeViewController.m */,
				4E3889EA286A8B19004A5B51 /* Post.h */,
				4E3889EB286A8B19004A5B51 /* Post.m */,
			);
			path = ViewControllers;
			sourceTree = "<group>";
		};
		4ECE37FC286A510E00C832AA = {
			isa = PBXGroup;
			children = (
				4ECE3807286A510E00C832AA /* Instagram */,
				4ECE3823286A510F00C832AA /* InstagramTests */,
				4ECE382D286A510F00C832AA /* InstagramUITests */,
				4ECE3806286A510E00C832AA /* Products */,
				0901AC827431307B8AFBAF8E /* Pods */,
				57A9CF4DC5C856A7A76206F8 /* Frameworks */,
			);
			sourceTree = "<group>";
		};
		4ECE3806286A510E00C832AA /* Products */ = {
			isa = PBXGroup;
			children = (
				4ECE3805286A510E00C832AA /* Instagram.app */,
				4ECE3820286A510F00C832AA /* InstagramTests.xctest */,
				4ECE382A286A510F00C832AA /* InstagramUITests.xctest */,
			);
			name = Products;
			sourceTree = "<group>";
		};
		4ECE3807286A510E00C832AA /* Instagram */ = {
			isa = PBXGroup;
			children = (
				4E2B991E286A58FD00123463 /* ViewControllers */,
				4ECE3808286A510E00C832AA /* AppDelegate.h */,
				4ECE3809286A510E00C832AA /* AppDelegate.m */,
				4ECE380B286A510E00C832AA /* SceneDelegate.h */,
				4ECE380C286A510E00C832AA /* SceneDelegate.m */,
				4ECE380E286A510E00C832AA /* ViewController.h */,
				4ECE380F286A510E00C832AA /* ViewController.m */,
				4ECE3811286A510E00C832AA /* Main.storyboard */,
				4ECD032C286A6CDA0094D1BD /* PostCell.h */,
				4ECD032D286A6CDA0094D1BD /* PostCell.m */,
				4ECE3814286A510F00C832AA /* Assets.xcassets */,
				4ECE3816286A510F00C832AA /* LaunchScreen.storyboard */,
				4ECE3819286A510F00C832AA /* Info.plist */,
				4ECE381A286A510F00C832AA /* main.m */,
				4E1D33F8286A765D002E80B6 /* keys.plist */,
			);
			path = Instagram;
			sourceTree = "<group>";
		};
		4ECE3823286A510F00C832AA /* InstagramTests */ = {
			isa = PBXGroup;
			children = (
				4ECE3824286A510F00C832AA /* InstagramTests.m */,
			);
			path = InstagramTests;
			sourceTree = "<group>";
		};
		4ECE382D286A510F00C832AA /* InstagramUITests */ = {
			isa = PBXGroup;
			children = (
				4ECE382E286A510F00C832AA /* InstagramUITests.m */,
				4ECE3830286A510F00C832AA /* InstagramUITestsLaunchTests.m */,
			);
			path = InstagramUITests;
			sourceTree = "<group>";
		};
		57A9CF4DC5C856A7A76206F8 /* Frameworks */ = {
			isa = PBXGroup;
			children = (
				5AB34F045BE3C9E707D164BE /* Pods_Instagram.framework */,
				93CEEC023492CA5370CB5AC3 /* Pods_Instagram_InstagramUITests.framework */,
				C64C51701ADFF6BED4C6DAC8 /* Pods_InstagramTests.framework */,
			);
			name = Frameworks;
			sourceTree = "<group>";
		};
/* End PBXGroup section */

/* Begin PBXNativeTarget section */
		4ECE3804286A510E00C832AA /* Instagram */ = {
			isa = PBXNativeTarget;
			buildConfigurationList = 4ECE3834286A510F00C832AA /* Build configuration list for PBXNativeTarget "Instagram" */;
			buildPhases = (
				3CA8DA4046EA7D0D81CDC483 /* [CP] Check Pods Manifest.lock */,
				4ECE3801286A510E00C832AA /* Sources */,
				4ECE3802286A510E00C832AA /* Frameworks */,
				4ECE3803286A510E00C832AA /* Resources */,
				F43DF0DF8EF9D16C11B00A4E /* [CP] Embed Pods Frameworks */,
			);
			buildRules = (
			);
			dependencies = (
			);
			name = Instagram;
			productName = Instagram;
			productReference = 4ECE3805286A510E00C832AA /* Instagram.app */;
			productType = "com.apple.product-type.application";
		};
		4ECE381F286A510F00C832AA /* InstagramTests */ = {
			isa = PBXNativeTarget;
			buildConfigurationList = 4ECE3837286A510F00C832AA /* Build configuration list for PBXNativeTarget "InstagramTests" */;
			buildPhases = (
				E127A829168C5E123AD7F8A6 /* [CP] Check Pods Manifest.lock */,
				4ECE381C286A510F00C832AA /* Sources */,
				4ECE381D286A510F00C832AA /* Frameworks */,
				4ECE381E286A510F00C832AA /* Resources */,
			);
			buildRules = (
			);
			dependencies = (
				4ECE3822286A510F00C832AA /* PBXTargetDependency */,
			);
			name = InstagramTests;
			productName = InstagramTests;
			productReference = 4ECE3820286A510F00C832AA /* InstagramTests.xctest */;
			productType = "com.apple.product-type.bundle.unit-test";
		};
		4ECE3829286A510F00C832AA /* InstagramUITests */ = {
			isa = PBXNativeTarget;
			buildConfigurationList = 4ECE383A286A510F00C832AA /* Build configuration list for PBXNativeTarget "InstagramUITests" */;
			buildPhases = (
				CA73C1595A8F8B50A9306BEB /* [CP] Check Pods Manifest.lock */,
				4ECE3826286A510F00C832AA /* Sources */,
				4ECE3827286A510F00C832AA /* Frameworks */,
				4ECE3828286A510F00C832AA /* Resources */,
				C1B1CCDA0AD3C3753CBE7A9E /* [CP] Embed Pods Frameworks */,
			);
			buildRules = (
			);
			dependencies = (
				4ECE382C286A510F00C832AA /* PBXTargetDependency */,
			);
			name = InstagramUITests;
			productName = InstagramUITests;
			productReference = 4ECE382A286A510F00C832AA /* InstagramUITests.xctest */;
			productType = "com.apple.product-type.bundle.ui-testing";
		};
/* End PBXNativeTarget section */

/* Begin PBXProject section */
		4ECE37FD286A510E00C832AA /* Project object */ = {
			isa = PBXProject;
			attributes = {
				BuildIndependentTargetsInParallel = 1;
				LastUpgradeCheck = 1340;
				TargetAttributes = {
					4ECE3804286A510E00C832AA = {
						CreatedOnToolsVersion = 13.4.1;
					};
					4ECE381F286A510F00C832AA = {
						CreatedOnToolsVersion = 13.4.1;
						TestTargetID = 4ECE3804286A510E00C832AA;
					};
					4ECE3829286A510F00C832AA = {
						CreatedOnToolsVersion = 13.4.1;
						TestTargetID = 4ECE3804286A510E00C832AA;
					};
				};
			};
			buildConfigurationList = 4ECE3800286A510E00C832AA /* Build configuration list for PBXProject "Instagram" */;
			compatibilityVersion = "Xcode 13.0";
			developmentRegion = en;
			hasScannedForEncodings = 0;
			knownRegions = (
				en,
				Base,
			);
			mainGroup = 4ECE37FC286A510E00C832AA;
			productRefGroup = 4ECE3806286A510E00C832AA /* Products */;
			projectDirPath = "";
			projectRoot = "";
			targets = (
				4ECE3804286A510E00C832AA /* Instagram */,
				4ECE381F286A510F00C832AA /* InstagramTests */,
				4ECE3829286A510F00C832AA /* InstagramUITests */,
			);
		};
/* End PBXProject section */

/* Begin PBXResourcesBuildPhase section */
		4ECE3803286A510E00C832AA /* Resources */ = {
			isa = PBXResourcesBuildPhase;
			buildActionMask = 2147483647;
			files = (
				4E1D33F9286A765D002E80B6 /* keys.plist in Resources */,
				4ECE3818286A510F00C832AA /* LaunchScreen.storyboard in Resources */,
				4ECE3815286A510F00C832AA /* Assets.xcassets in Resources */,
				4ECE3813286A510E00C832AA /* Main.storyboard in Resources */,
			);
			runOnlyForDeploymentPostprocessing = 0;
		};
		4ECE381E286A510F00C832AA /* Resources */ = {
			isa = PBXResourcesBuildPhase;
			buildActionMask = 2147483647;
			files = (
			);
			runOnlyForDeploymentPostprocessing = 0;
		};
		4ECE3828286A510F00C832AA /* Resources */ = {
			isa = PBXResourcesBuildPhase;
			buildActionMask = 2147483647;
			files = (
			);
			runOnlyForDeploymentPostprocessing = 0;
		};
/* End PBXResourcesBuildPhase section */

/* Begin PBXShellScriptBuildPhase section */
		3CA8DA4046EA7D0D81CDC483 /* [CP] Check Pods Manifest.lock */ = {
			isa = PBXShellScriptBuildPhase;
			buildActionMask = 2147483647;
			files = (
			);
			inputFileListPaths = (
			);
			inputPaths = (
				"${PODS_PODFILE_DIR_PATH}/Podfile.lock",
				"${PODS_ROOT}/Manifest.lock",
			);
			name = "[CP] Check Pods Manifest.lock";
			outputFileListPaths = (
			);
			outputPaths = (
				"$(DERIVED_FILE_DIR)/Pods-Instagram-checkManifestLockResult.txt",
			);
			runOnlyForDeploymentPostprocessing = 0;
			shellPath = /bin/sh;
			shellScript = "diff \"${PODS_PODFILE_DIR_PATH}/Podfile.lock\" \"${PODS_ROOT}/Manifest.lock\" > /dev/null\nif [ $? != 0 ] ; then\n    # print error to STDERR\n    echo \"error: The sandbox is not in sync with the Podfile.lock. Run 'pod install' or update your CocoaPods installation.\" >&2\n    exit 1\nfi\n# This output is used by Xcode 'outputs' to avoid re-running this script phase.\necho \"SUCCESS\" > \"${SCRIPT_OUTPUT_FILE_0}\"\n";
			showEnvVarsInLog = 0;
		};
		C1B1CCDA0AD3C3753CBE7A9E /* [CP] Embed Pods Frameworks */ = {
			isa = PBXShellScriptBuildPhase;
			buildActionMask = 2147483647;
			files = (
			);
			inputFileListPaths = (
				"${PODS_ROOT}/Target Support Files/Pods-Instagram-InstagramUITests/Pods-Instagram-InstagramUITests-frameworks-${CONFIGURATION}-input-files.xcfilelist",
			);
			name = "[CP] Embed Pods Frameworks";
			outputFileListPaths = (
				"${PODS_ROOT}/Target Support Files/Pods-Instagram-InstagramUITests/Pods-Instagram-InstagramUITests-frameworks-${CONFIGURATION}-output-files.xcfilelist",
			);
			runOnlyForDeploymentPostprocessing = 0;
			shellPath = /bin/sh;
			shellScript = "\"${PODS_ROOT}/Target Support Files/Pods-Instagram-InstagramUITests/Pods-Instagram-InstagramUITests-frameworks.sh\"\n";
			showEnvVarsInLog = 0;
		};
		CA73C1595A8F8B50A9306BEB /* [CP] Check Pods Manifest.lock */ = {
			isa = PBXShellScriptBuildPhase;
			buildActionMask = 2147483647;
			files = (
			);
			inputFileListPaths = (
			);
			inputPaths = (
				"${PODS_PODFILE_DIR_PATH}/Podfile.lock",
				"${PODS_ROOT}/Manifest.lock",
			);
			name = "[CP] Check Pods Manifest.lock";
			outputFileListPaths = (
			);
			outputPaths = (
				"$(DERIVED_FILE_DIR)/Pods-Instagram-InstagramUITests-checkManifestLockResult.txt",
			);
			runOnlyForDeploymentPostprocessing = 0;
			shellPath = /bin/sh;
			shellScript = "diff \"${PODS_PODFILE_DIR_PATH}/Podfile.lock\" \"${PODS_ROOT}/Manifest.lock\" > /dev/null\nif [ $? != 0 ] ; then\n    # print error to STDERR\n    echo \"error: The sandbox is not in sync with the Podfile.lock. Run 'pod install' or update your CocoaPods installation.\" >&2\n    exit 1\nfi\n# This output is used by Xcode 'outputs' to avoid re-running this script phase.\necho \"SUCCESS\" > \"${SCRIPT_OUTPUT_FILE_0}\"\n";
			showEnvVarsInLog = 0;
		};
		E127A829168C5E123AD7F8A6 /* [CP] Check Pods Manifest.lock */ = {
			isa = PBXShellScriptBuildPhase;
			buildActionMask = 2147483647;
			files = (
			);
			inputFileListPaths = (
			);
			inputPaths = (
				"${PODS_PODFILE_DIR_PATH}/Podfile.lock",
				"${PODS_ROOT}/Manifest.lock",
			);
			name = "[CP] Check Pods Manifest.lock";
			outputFileListPaths = (
			);
			outputPaths = (
				"$(DERIVED_FILE_DIR)/Pods-InstagramTests-checkManifestLockResult.txt",
			);
			runOnlyForDeploymentPostprocessing = 0;
			shellPath = /bin/sh;
			shellScript = "diff \"${PODS_PODFILE_DIR_PATH}/Podfile.lock\" \"${PODS_ROOT}/Manifest.lock\" > /dev/null\nif [ $? != 0 ] ; then\n    # print error to STDERR\n    echo \"error: The sandbox is not in sync with the Podfile.lock. Run 'pod install' or update your CocoaPods installation.\" >&2\n    exit 1\nfi\n# This output is used by Xcode 'outputs' to avoid re-running this script phase.\necho \"SUCCESS\" > \"${SCRIPT_OUTPUT_FILE_0}\"\n";
			showEnvVarsInLog = 0;
		};
		F43DF0DF8EF9D16C11B00A4E /* [CP] Embed Pods Frameworks */ = {
			isa = PBXShellScriptBuildPhase;
			buildActionMask = 2147483647;
			files = (
			);
			inputFileListPaths = (
				"${PODS_ROOT}/Target Support Files/Pods-Instagram/Pods-Instagram-frameworks-${CONFIGURATION}-input-files.xcfilelist",
			);
			name = "[CP] Embed Pods Frameworks";
			outputFileListPaths = (
				"${PODS_ROOT}/Target Support Files/Pods-Instagram/Pods-Instagram-frameworks-${CONFIGURATION}-output-files.xcfilelist",
			);
			runOnlyForDeploymentPostprocessing = 0;
			shellPath = /bin/sh;
			shellScript = "\"${PODS_ROOT}/Target Support Files/Pods-Instagram/Pods-Instagram-frameworks.sh\"\n";
			showEnvVarsInLog = 0;
		};
/* End PBXShellScriptBuildPhase section */

/* Begin PBXSourcesBuildPhase section */
		4ECE3801286A510E00C832AA /* Sources */ = {
			isa = PBXSourcesBuildPhase;
			buildActionMask = 2147483647;
			files = (
				4ECE3810286A510E00C832AA /* ViewController.m in Sources */,
				4ECE380A286A510E00C832AA /* AppDelegate.m in Sources */,
				4ECE381B286A510F00C832AA /* main.m in Sources */,
				4ECD032E286A6CDA0094D1BD /* PostCell.m in Sources */,
				4E3889EC286A8B19004A5B51 /* Post.m in Sources */,
				4ECE380D286A510E00C832AA /* SceneDelegate.m in Sources */,
				4ECD032B286A6AA30094D1BD /* ComposeViewController.m in Sources */,
				4ECD0325286A64B10094D1BD /* FeedViewController.m in Sources */,
				4ECD0322286A634F0094D1BD /* LoginViewController.m in Sources */,
			);
			runOnlyForDeploymentPostprocessing = 0;
		};
		4ECE381C286A510F00C832AA /* Sources */ = {
			isa = PBXSourcesBuildPhase;
			buildActionMask = 2147483647;
			files = (
				4ECE3825286A510F00C832AA /* InstagramTests.m in Sources */,
			);
			runOnlyForDeploymentPostprocessing = 0;
		};
		4ECE3826286A510F00C832AA /* Sources */ = {
			isa = PBXSourcesBuildPhase;
			buildActionMask = 2147483647;
			files = (
				4ECE382F286A510F00C832AA /* InstagramUITests.m in Sources */,
				4ECE3831286A510F00C832AA /* InstagramUITestsLaunchTests.m in Sources */,
			);
			runOnlyForDeploymentPostprocessing = 0;
		};
/* End PBXSourcesBuildPhase section */

/* Begin PBXTargetDependency section */
		4ECE3822286A510F00C832AA /* PBXTargetDependency */ = {
			isa = PBXTargetDependency;
			target = 4ECE3804286A510E00C832AA /* Instagram */;
			targetProxy = 4ECE3821286A510F00C832AA /* PBXContainerItemProxy */;
		};
		4ECE382C286A510F00C832AA /* PBXTargetDependency */ = {
			isa = PBXTargetDependency;
			target = 4ECE3804286A510E00C832AA /* Instagram */;
			targetProxy = 4ECE382B286A510F00C832AA /* PBXContainerItemProxy */;
		};
/* End PBXTargetDependency section */

/* Begin PBXVariantGroup section */
		4ECE3811286A510E00C832AA /* Main.storyboard */ = {
			isa = PBXVariantGroup;
			children = (
				4ECE3812286A510E00C832AA /* Base */,
			);
			name = Main.storyboard;
			sourceTree = "<group>";
		};
		4ECE3816286A510F00C832AA /* LaunchScreen.storyboard */ = {
			isa = PBXVariantGroup;
			children = (
				4ECE3817286A510F00C832AA /* Base */,
			);
			name = LaunchScreen.storyboard;
			sourceTree = "<group>";
		};
/* End PBXVariantGroup section */

/* Begin XCBuildConfiguration section */
		4ECE3832286A510F00C832AA /* Debug */ = {
			isa = XCBuildConfiguration;
			buildSettings = {
				ALWAYS_SEARCH_USER_PATHS = NO;
				CLANG_ANALYZER_NONNULL = YES;
				CLANG_ANALYZER_NUMBER_OBJECT_CONVERSION = YES_AGGRESSIVE;
				CLANG_CXX_LANGUAGE_STANDARD = "gnu++17";
				CLANG_ENABLE_MODULES = YES;
				CLANG_ENABLE_OBJC_ARC = YES;
				CLANG_ENABLE_OBJC_WEAK = YES;
				CLANG_WARN_BLOCK_CAPTURE_AUTORELEASING = YES;
				CLANG_WARN_BOOL_CONVERSION = YES;
				CLANG_WARN_COMMA = YES;
				CLANG_WARN_CONSTANT_CONVERSION = YES;
				CLANG_WARN_DEPRECATED_OBJC_IMPLEMENTATIONS = YES;
				CLANG_WARN_DIRECT_OBJC_ISA_USAGE = YES_ERROR;
				CLANG_WARN_DOCUMENTATION_COMMENTS = YES;
				CLANG_WARN_EMPTY_BODY = YES;
				CLANG_WARN_ENUM_CONVERSION = YES;
				CLANG_WARN_INFINITE_RECURSION = YES;
				CLANG_WARN_INT_CONVERSION = YES;
				CLANG_WARN_NON_LITERAL_NULL_CONVERSION = YES;
				CLANG_WARN_OBJC_IMPLICIT_RETAIN_SELF = YES;
				CLANG_WARN_OBJC_LITERAL_CONVERSION = YES;
				CLANG_WARN_OBJC_ROOT_CLASS = YES_ERROR;
				CLANG_WARN_QUOTED_INCLUDE_IN_FRAMEWORK_HEADER = YES;
				CLANG_WARN_RANGE_LOOP_ANALYSIS = YES;
				CLANG_WARN_STRICT_PROTOTYPES = YES;
				CLANG_WARN_SUSPICIOUS_MOVE = YES;
				CLANG_WARN_UNGUARDED_AVAILABILITY = YES_AGGRESSIVE;
				CLANG_WARN_UNREACHABLE_CODE = YES;
				CLANG_WARN__DUPLICATE_METHOD_MATCH = YES;
				COPY_PHASE_STRIP = NO;
				DEBUG_INFORMATION_FORMAT = dwarf;
				ENABLE_STRICT_OBJC_MSGSEND = YES;
				ENABLE_TESTABILITY = YES;
				GCC_C_LANGUAGE_STANDARD = gnu11;
				GCC_DYNAMIC_NO_PIC = NO;
				GCC_NO_COMMON_BLOCKS = YES;
				GCC_OPTIMIZATION_LEVEL = 0;
				GCC_PREPROCESSOR_DEFINITIONS = (
					"DEBUG=1",
					"$(inherited)",
				);
				GCC_WARN_64_TO_32_BIT_CONVERSION = YES;
				GCC_WARN_ABOUT_RETURN_TYPE = YES_ERROR;
				GCC_WARN_UNDECLARED_SELECTOR = YES;
				GCC_WARN_UNINITIALIZED_AUTOS = YES_AGGRESSIVE;
				GCC_WARN_UNUSED_FUNCTION = YES;
				GCC_WARN_UNUSED_VARIABLE = YES;
				IPHONEOS_DEPLOYMENT_TARGET = 15.5;
				MTL_ENABLE_DEBUG_INFO = INCLUDE_SOURCE;
				MTL_FAST_MATH = YES;
				ONLY_ACTIVE_ARCH = YES;
				SDKROOT = iphoneos;
			};
			name = Debug;
		};
		4ECE3833286A510F00C832AA /* Release */ = {
			isa = XCBuildConfiguration;
			buildSettings = {
				ALWAYS_SEARCH_USER_PATHS = NO;
				CLANG_ANALYZER_NONNULL = YES;
				CLANG_ANALYZER_NUMBER_OBJECT_CONVERSION = YES_AGGRESSIVE;
				CLANG_CXX_LANGUAGE_STANDARD = "gnu++17";
				CLANG_ENABLE_MODULES = YES;
				CLANG_ENABLE_OBJC_ARC = YES;
				CLANG_ENABLE_OBJC_WEAK = YES;
				CLANG_WARN_BLOCK_CAPTURE_AUTORELEASING = YES;
				CLANG_WARN_BOOL_CONVERSION = YES;
				CLANG_WARN_COMMA = YES;
				CLANG_WARN_CONSTANT_CONVERSION = YES;
				CLANG_WARN_DEPRECATED_OBJC_IMPLEMENTATIONS = YES;
				CLANG_WARN_DIRECT_OBJC_ISA_USAGE = YES_ERROR;
				CLANG_WARN_DOCUMENTATION_COMMENTS = YES;
				CLANG_WARN_EMPTY_BODY = YES;
				CLANG_WARN_ENUM_CONVERSION = YES;
				CLANG_WARN_INFINITE_RECURSION = YES;
				CLANG_WARN_INT_CONVERSION = YES;
				CLANG_WARN_NON_LITERAL_NULL_CONVERSION = YES;
				CLANG_WARN_OBJC_IMPLICIT_RETAIN_SELF = YES;
				CLANG_WARN_OBJC_LITERAL_CONVERSION = YES;
				CLANG_WARN_OBJC_ROOT_CLASS = YES_ERROR;
				CLANG_WARN_QUOTED_INCLUDE_IN_FRAMEWORK_HEADER = YES;
				CLANG_WARN_RANGE_LOOP_ANALYSIS = YES;
				CLANG_WARN_STRICT_PROTOTYPES = YES;
				CLANG_WARN_SUSPICIOUS_MOVE = YES;
				CLANG_WARN_UNGUARDED_AVAILABILITY = YES_AGGRESSIVE;
				CLANG_WARN_UNREACHABLE_CODE = YES;
				CLANG_WARN__DUPLICATE_METHOD_MATCH = YES;
				COPY_PHASE_STRIP = NO;
				DEBUG_INFORMATION_FORMAT = "dwarf-with-dsym";
				ENABLE_NS_ASSERTIONS = NO;
				ENABLE_STRICT_OBJC_MSGSEND = YES;
				GCC_C_LANGUAGE_STANDARD = gnu11;
				GCC_NO_COMMON_BLOCKS = YES;
				GCC_WARN_64_TO_32_BIT_CONVERSION = YES;
				GCC_WARN_ABOUT_RETURN_TYPE = YES_ERROR;
				GCC_WARN_UNDECLARED_SELECTOR = YES;
				GCC_WARN_UNINITIALIZED_AUTOS = YES_AGGRESSIVE;
				GCC_WARN_UNUSED_FUNCTION = YES;
				GCC_WARN_UNUSED_VARIABLE = YES;
				IPHONEOS_DEPLOYMENT_TARGET = 15.5;
				MTL_ENABLE_DEBUG_INFO = NO;
				MTL_FAST_MATH = YES;
				SDKROOT = iphoneos;
				VALIDATE_PRODUCT = YES;
			};
			name = Release;
		};
		4ECE3835286A510F00C832AA /* Debug */ = {
			isa = XCBuildConfiguration;
			baseConfigurationReference = 089B88C2D7CA79E4F4DE8A93 /* Pods-Instagram.debug.xcconfig */;
			buildSettings = {
				ASSETCATALOG_COMPILER_APPICON_NAME = AppIcon;
				ASSETCATALOG_COMPILER_GLOBAL_ACCENT_COLOR_NAME = AccentColor;
				CODE_SIGN_STYLE = Automatic;
				CURRENT_PROJECT_VERSION = 1;
				DEVELOPMENT_TEAM = 37QBJHTCRH;
				GENERATE_INFOPLIST_FILE = YES;
				INFOPLIST_FILE = Instagram/Info.plist;
				INFOPLIST_KEY_NSCameraUsageDescription = "Need camera access to take pictures";
				INFOPLIST_KEY_NSPhotoLibraryUsageDescription = "Need library access to upload images";
				INFOPLIST_KEY_UIApplicationSupportsIndirectInputEvents = YES;
				INFOPLIST_KEY_UILaunchStoryboardName = LaunchScreen;
				INFOPLIST_KEY_UIMainStoryboardFile = Main;
				INFOPLIST_KEY_UISupportedInterfaceOrientations_iPad = "UIInterfaceOrientationPortrait UIInterfaceOrientationPortraitUpsideDown UIInterfaceOrientationLandscapeLeft UIInterfaceOrientationLandscapeRight";
				INFOPLIST_KEY_UISupportedInterfaceOrientations_iPhone = "UIInterfaceOrientationPortrait UIInterfaceOrientationLandscapeLeft UIInterfaceOrientationLandscapeRight";
				LD_RUNPATH_SEARCH_PATHS = (
					"$(inherited)",
					"@executable_path/Frameworks",
				);
				MARKETING_VERSION = 1.0;
				PRODUCT_BUNDLE_IDENTIFIER = com.rhomboic.Instagram;
				PRODUCT_NAME = "$(TARGET_NAME)";
				SWIFT_EMIT_LOC_STRINGS = YES;
				TARGETED_DEVICE_FAMILY = "1,2";
			};
			name = Debug;
		};
		4ECE3836286A510F00C832AA /* Release */ = {
			isa = XCBuildConfiguration;
			baseConfigurationReference = 62CA45FAFFBAF26F5FC95E82 /* Pods-Instagram.release.xcconfig */;
			buildSettings = {
				ASSETCATALOG_COMPILER_APPICON_NAME = AppIcon;
				ASSETCATALOG_COMPILER_GLOBAL_ACCENT_COLOR_NAME = AccentColor;
				CODE_SIGN_STYLE = Automatic;
				CURRENT_PROJECT_VERSION = 1;
				DEVELOPMENT_TEAM = 37QBJHTCRH;
				GENERATE_INFOPLIST_FILE = YES;
				INFOPLIST_FILE = Instagram/Info.plist;
				INFOPLIST_KEY_NSCameraUsageDescription = "Need camera access to take pictures";
				INFOPLIST_KEY_NSPhotoLibraryUsageDescription = "Need library access to upload images";
				INFOPLIST_KEY_UIApplicationSupportsIndirectInputEvents = YES;
				INFOPLIST_KEY_UILaunchStoryboardName = LaunchScreen;
				INFOPLIST_KEY_UIMainStoryboardFile = Main;
				INFOPLIST_KEY_UISupportedInterfaceOrientations_iPad = "UIInterfaceOrientationPortrait UIInterfaceOrientationPortraitUpsideDown UIInterfaceOrientationLandscapeLeft UIInterfaceOrientationLandscapeRight";
				INFOPLIST_KEY_UISupportedInterfaceOrientations_iPhone = "UIInterfaceOrientationPortrait UIInterfaceOrientationLandscapeLeft UIInterfaceOrientationLandscapeRight";
				LD_RUNPATH_SEARCH_PATHS = (
					"$(inherited)",
					"@executable_path/Frameworks",
				);
				MARKETING_VERSION = 1.0;
				PRODUCT_BUNDLE_IDENTIFIER = com.rhomboic.Instagram;
				PRODUCT_NAME = "$(TARGET_NAME)";
				SWIFT_EMIT_LOC_STRINGS = YES;
				TARGETED_DEVICE_FAMILY = "1,2";
			};
			name = Release;
		};
		4ECE3838286A510F00C832AA /* Debug */ = {
			isa = XCBuildConfiguration;
			baseConfigurationReference = 47EABACF26A47183A84ACA94 /* Pods-InstagramTests.debug.xcconfig */;
			buildSettings = {
				BUNDLE_LOADER = "$(TEST_HOST)";
				CODE_SIGN_STYLE = Automatic;
				CURRENT_PROJECT_VERSION = 1;
				DEVELOPMENT_TEAM = 37QBJHTCRH;
				GENERATE_INFOPLIST_FILE = YES;
				IPHONEOS_DEPLOYMENT_TARGET = 15.5;
				MARKETING_VERSION = 1.0;
				PRODUCT_BUNDLE_IDENTIFIER = com.rhomboic.InstagramTests;
				PRODUCT_NAME = "$(TARGET_NAME)";
				SWIFT_EMIT_LOC_STRINGS = NO;
				TARGETED_DEVICE_FAMILY = "1,2";
				TEST_HOST = "$(BUILT_PRODUCTS_DIR)/Instagram.app/Instagram";
			};
			name = Debug;
		};
		4ECE3839286A510F00C832AA /* Release */ = {
			isa = XCBuildConfiguration;
			baseConfigurationReference = C8072E163E82C5CC2D79DE89 /* Pods-InstagramTests.release.xcconfig */;
			buildSettings = {
				BUNDLE_LOADER = "$(TEST_HOST)";
				CODE_SIGN_STYLE = Automatic;
				CURRENT_PROJECT_VERSION = 1;
				DEVELOPMENT_TEAM = 37QBJHTCRH;
				GENERATE_INFOPLIST_FILE = YES;
				IPHONEOS_DEPLOYMENT_TARGET = 15.5;
				MARKETING_VERSION = 1.0;
				PRODUCT_BUNDLE_IDENTIFIER = com.rhomboic.InstagramTests;
				PRODUCT_NAME = "$(TARGET_NAME)";
				SWIFT_EMIT_LOC_STRINGS = NO;
				TARGETED_DEVICE_FAMILY = "1,2";
				TEST_HOST = "$(BUILT_PRODUCTS_DIR)/Instagram.app/Instagram";
			};
			name = Release;
		};
		4ECE383B286A510F00C832AA /* Debug */ = {
			isa = XCBuildConfiguration;
			baseConfigurationReference = EB2E4D6330063295FDD2539E /* Pods-Instagram-InstagramUITests.debug.xcconfig */;
			buildSettings = {
				CODE_SIGN_STYLE = Automatic;
				CURRENT_PROJECT_VERSION = 1;
				DEVELOPMENT_TEAM = 37QBJHTCRH;
				GENERATE_INFOPLIST_FILE = YES;
				MARKETING_VERSION = 1.0;
				PRODUCT_BUNDLE_IDENTIFIER = com.rhomboic.InstagramUITests;
				PRODUCT_NAME = "$(TARGET_NAME)";
				SWIFT_EMIT_LOC_STRINGS = NO;
				TARGETED_DEVICE_FAMILY = "1,2";
				TEST_TARGET_NAME = Instagram;
			};
			name = Debug;
		};
		4ECE383C286A510F00C832AA /* Release */ = {
			isa = XCBuildConfiguration;
			baseConfigurationReference = 8B96D5FDB610DEF1623F63BF /* Pods-Instagram-InstagramUITests.release.xcconfig */;
			buildSettings = {
				CODE_SIGN_STYLE = Automatic;
				CURRENT_PROJECT_VERSION = 1;
				DEVELOPMENT_TEAM = 37QBJHTCRH;
				GENERATE_INFOPLIST_FILE = YES;
				MARKETING_VERSION = 1.0;
				PRODUCT_BUNDLE_IDENTIFIER = com.rhomboic.InstagramUITests;
				PRODUCT_NAME = "$(TARGET_NAME)";
				SWIFT_EMIT_LOC_STRINGS = NO;
				TARGETED_DEVICE_FAMILY = "1,2";
				TEST_TARGET_NAME = Instagram;
			};
			name = Release;
		};
/* End XCBuildConfiguration section */

/* Begin XCConfigurationList section */
		4ECE3800286A510E00C832AA /* Build configuration list for PBXProject "Instagram" */ = {
			isa = XCConfigurationList;
			buildConfigurations = (
				4ECE3832286A510F00C832AA /* Debug */,
				4ECE3833286A510F00C832AA /* Release */,
			);
			defaultConfigurationIsVisible = 0;
			defaultConfigurationName = Release;
		};
		4ECE3834286A510F00C832AA /* Build configuration list for PBXNativeTarget "Instagram" */ = {
			isa = XCConfigurationList;
			buildConfigurations = (
				4ECE3835286A510F00C832AA /* Debug */,
				4ECE3836286A510F00C832AA /* Release */,
			);
			defaultConfigurationIsVisible = 0;
			defaultConfigurationName = Release;
		};
		4ECE3837286A510F00C832AA /* Build configuration list for PBXNativeTarget "InstagramTests" */ = {
			isa = XCConfigurationList;
			buildConfigurations = (
				4ECE3838286A510F00C832AA /* Debug */,
				4ECE3839286A510F00C832AA /* Release */,
			);
			defaultConfigurationIsVisible = 0;
			defaultConfigurationName = Release;
		};
		4ECE383A286A510F00C832AA /* Build configuration list for PBXNativeTarget "InstagramUITests" */ = {
			isa = XCConfigurationList;
			buildConfigurations = (
				4ECE383B286A510F00C832AA /* Debug */,
				4ECE383C286A510F00C832AA /* Release */,
			);
			defaultConfigurationIsVisible = 0;
			defaultConfigurationName = Release;
		};
/* End XCConfigurationList section */
	};
	rootObject = 4ECE37FD286A510E00C832AA /* Project object */;
}
